
Microsoft Visual Studio Solution File, Format Version 12.00
# Visual Studio Version 17
VisualStudioVersion = 17.14.36414.22
MinimumVisualStudioVersion = 10.0.40219.1
Project("{2150E333-8FDC-42A3-9474-1A3956D46DE8}") = "Task0", "Task0", "{02EA681E-C7D8-13C7-8484-4AC65E1B71E8}"
EndProject
Project("{FAE04EC0-301F-11D3-BF4B-00C04F79EFBC}") = "Tyuiu.UlukhanovDV.Sprint0.Task0.V0", "Tyuiu.UlukhanovDV.Sprint0.Task0.V0\Tyuiu.UlukhanovDV.Sprint0.Task0.V0.csproj", "{D8BA0A37-F917-42A6-80D2-ED016A7A889C}"
EndProject
Project("{2150E333-8FDC-42A3-9474-1A3956D46DE8}") = "Task1", "Task1", "{D51C16A7-D3B3-43C8-846C-B162F9C1FA31}"
EndProject
Project("{FAE04EC0-301F-11D3-BF4B-00C04F79EFBC}") = "Tyuiu.UlukhanovDV.Sprint0.Task1.V0", "Tyuiu.UlukhanovDV.Sprint0.Task1.V0\Tyuiu.UlukhanovDV.Sprint0.Task1.V0.csproj", "{A874937F-F168-48BB-AE04-FCA73EBE5DEC}"
EndProject
Project("{2150E333-8FDC-42A3-9474-1A3956D46DE8}") = "Task2", "Task2", "{B275ACAD-6F73-40E1-9AAB-EA69700DAC9F}"
EndProject
Project("{FAE04EC0-301F-11D3-BF4B-00C04F79EFBC}") = "Tyuiu.UlukhanovDV.Sprint0.Task2.V0", "Tyuiu.UlukhanovDV.Sprint0.Task2.V0\Tyuiu.UlukhanovDV.Sprint0.Task2.V0.csproj", "{AF0337B7-D0BB-42FD-A5E6-3CF02CB8696D}"
EndProject
Project("{FAE04EC0-301F-11D3-BF4B-00C04F79EFBC}") = "Tyuiu.UlukhanovDV.Sprint0.Task2.V0.Test", "Tyuiu.UlukhanovDV.Sprint0.Task0.V0.Test\Tyuiu.UlukhanovDV.Sprint0.Task2.V0.Test.csproj", "{525F037E-B05F-41DD-BA6E-3FB046229845}"
EndProject
Project("{FAE04EC0-301F-11D3-BF4B-00C04F79EFBC}") = "Tyuiu.UlukhanovDV.Sprint0.Task2.V0.Lib", "Tyuiu.UlykhanovDV.Sprint0.Task2.V0.Lib\Tyuiu.UlukhanovDV.Sprint0.Task2.V0.Lib.csproj", "{564A0BFF-7B07-4755-BAA0-6A559B11F8B8}"
EndProject
Project("{2150E333-8FDC-42A3-9474-1A3956D46DE8}") = "Task3", "Task3", "{9637C3CF-6534-4FF0-87A8-9CDFCD6A93D3}"
EndProject
Project("{FAE04EC0-301F-11D3-BF4B-00C04F79EFBC}") = "Tyuiu.UlukhanovDV.Sprint0.Task3.V0", "Tyuiu.UlukhanovDV.Sprint0.Task3.V0\Tyuiu.UlukhanovDV.Sprint0.Task3.V0.csproj", "{85E51605-748D-4CF5-B494-010444C59415}"
EndProject
Project("{FAE04EC0-301F-11D3-BF4B-00C04F79EFBC}") = "Tyuiu.UlukhanovDV.Sprint0.Task3.V0.Lib", "Tyuiu.UlukhanovDV.Sprint0.Task3.V0.Lib\Tyuiu.UlukhanovDV.Sprint0.Task3.V0.Lib.csproj", "{FD395D14-C653-4211-8593-0FD1C7657EBC}"
EndProject
Project("{FAE04EC0-301F-11D3-BF4B-00C04F79EFBC}") = "Tyuiu.UlukhanovDV.Sprint0.Task3.V0.Test", "Tyuiu.UlukhanovDV.Sprint0.Task3.V0.Test\Tyuiu.UlukhanovDV.Sprint0.Task3.V0.Test.csproj", "{4DAE7414-3564-4DE1-8555-BAEC84BDDB9C}"
EndProject
Global
	GlobalSection(SolutionConfigurationPlatforms) = preSolution
		Debug|Any CPU = Debug|Any CPU
		Release|Any CPU = Release|Any CPU
	EndGlobalSection
	GlobalSection(ProjectConfigurationPlatforms) = postSolution
		{D8BA0A37-F917-42A6-80D2-ED016A7A889C}.Debug|Any CPU.ActiveCfg = Debug|Any CPU
		{D8BA0A37-F917-42A6-80D2-ED016A7A889C}.Debug|Any CPU.Build.0 = Debug|Any CPU
		{D8BA0A37-F917-42A6-80D2-ED016A7A889C}.Release|Any CPU.ActiveCfg = Release|Any CPU
		{D8BA0A37-F917-42A6-80D2-ED016A7A889C}.Release|Any CPU.Build.0 = Release|Any CPU
		{A874937F-F168-48BB-AE04-FCA73EBE5DEC}.Debug|Any CPU.ActiveCfg = Debug|Any CPU
		{A874937F-F168-48BB-AE04-FCA73EBE5DEC}.Debug|Any CPU.Build.0 = Debug|Any CPU
		{A874937F-F168-48BB-AE04-FCA73EBE5DEC}.Release|Any CPU.ActiveCfg = Release|Any CPU
		{A874937F-F168-48BB-AE04-FCA73EBE5DEC}.Release|Any CPU.Build.0 = Release|Any CPU
		{AF0337B7-D0BB-42FD-A5E6-3CF02CB8696D}.Debug|Any CPU.ActiveCfg = Debug|Any CPU
		{AF0337B7-D0BB-42FD-A5E6-3CF02CB8696D}.Debug|Any CPU.Build.0 = Debug|Any CPU
		{AF0337B7-D0BB-42FD-A5E6-3CF02CB8696D}.Release|Any CPU.ActiveCfg = Release|Any CPU
		{AF0337B7-D0BB-42FD-A5E6-3CF02CB8696D}.Release|Any CPU.Build.0 = Release|Any CPU
		{525F037E-B05F-41DD-BA6E-3FB046229845}.Debug|Any CPU.ActiveCfg = Debug|Any CPU
		{525F037E-B05F-41DD-BA6E-3FB046229845}.Debug|Any CPU.Build.0 = Debug|Any CPU
		{525F037E-B05F-41DD-BA6E-3FB046229845}.Release|Any CPU.ActiveCfg = Release|Any CPU
		{525F037E-B05F-41DD-BA6E-3FB046229845}.Release|Any CPU.Build.0 = Release|Any CPU
		{564A0BFF-7B07-4755-BAA0-6A559B11F8B8}.Debug|Any CPU.ActiveCfg = Debug|Any CPU
		{564A0BFF-7B07-4755-BAA0-6A559B11F8B8}.Debug|Any CPU.Build.0 = Debug|Any CPU
		{564A0BFF-7B07-4755-BAA0-6A559B11F8B8}.Release|Any CPU.ActiveCfg = Release|Any CPU
		{564A0BFF-7B07-4755-BAA0-6A559B11F8B8}.Release|Any CPU.Build.0 = Release|Any CPU
		{85E51605-748D-4CF5-B494-010444C59415}.Debug|Any CPU.ActiveCfg = Debug|Any CPU
		{85E51605-748D-4CF5-B494-010444C59415}.Debug|Any CPU.Build.0 = Debug|Any CPU
		{85E51605-748D-4CF5-B494-010444C59415}.Release|Any CPU.ActiveCfg = Release|Any CPU
		{85E51605-748D-4CF5-B494-010444C59415}.Release|Any CPU.Build.0 = Release|Any CPU
		{FD395D14-C653-4211-8593-0FD1C7657EBC}.Debug|Any CPU.ActiveCfg = Debug|Any CPU
		{FD395D14-C653-4211-8593-0FD1C7657EBC}.Debug|Any CPU.Build.0 = Debug|Any CPU
		{FD395D14-C653-4211-8593-0FD1C7657EBC}.Release|Any CPU.ActiveCfg = Release|Any CPU
		{FD395D14-C653-4211-8593-0FD1C7657EBC}.Release|Any CPU.Build.0 = Release|Any CPU
		{4DAE7414-3564-4DE1-8555-BAEC84BDDB9C}.Debug|Any CPU.ActiveCfg = Debug|Any CPU
		{4DAE7414-3564-4DE1-8555-BAEC84BDDB9C}.Debug|Any CPU.Build.0 = Debug|Any CPU
		{4DAE7414-3564-4DE1-8555-BAEC84BDDB9C}.Release|Any CPU.ActiveCfg = Release|Any CPU
		{4DAE7414-3564-4DE1-8555-BAEC84BDDB9C}.Release|Any CPU.Build.0 = Release|Any CPU
	EndGlobalSection
	GlobalSection(SolutionProperties) = preSolution
		HideSolutionNode = FALSE
	EndGlobalSection
	GlobalSection(NestedProjects) = preSolution
		{D8BA0A37-F917-42A6-80D2-ED016A7A889C} = {02EA681E-C7D8-13C7-8484-4AC65E1B71E8}
		{A874937F-F168-48BB-AE04-FCA73EBE5DEC} = {D51C16A7-D3B3-43C8-846C-B162F9C1FA31}
		{AF0337B7-D0BB-42FD-A5E6-3CF02CB8696D} = {B275ACAD-6F73-40E1-9AAB-EA69700DAC9F}
		{525F037E-B05F-41DD-BA6E-3FB046229845} = {B275ACAD-6F73-40E1-9AAB-EA69700DAC9F}
		{564A0BFF-7B07-4755-BAA0-6A559B11F8B8} = {B275ACAD-6F73-40E1-9AAB-EA69700DAC9F}
		{85E51605-748D-4CF5-B494-010444C59415} = {9637C3CF-6534-4FF0-87A8-9CDFCD6A93D3}
		{FD395D14-C653-4211-8593-0FD1C7657EBC} = {9637C3CF-6534-4FF0-87A8-9CDFCD6A93D3}
		{4DAE7414-3564-4DE1-8555-BAEC84BDDB9C} = {9637C3CF-6534-4FF0-87A8-9CDFCD6A93D3}
	EndGlobalSection
	GlobalSection(ExtensibilityGlobals) = postSolution
		SolutionGuid = {6BE87625-01CC-43D3-9210-90D4EC7E2B85}
	EndGlobalSection
EndGlobal
