
Microsoft Visual Studio Solution File, Format Version 12.00
# Visual Studio Version 17
VisualStudioVersion = 17.14.36414.22 d17.14
MinimumVisualStudioVersion = 10.0.40219.1
Project("{2150E333-8FDC-42A3-9474-1A3956D46DE8}") = "Task0", "Task0", "{02EA681E-C7D8-13C7-8484-4AC65E1B71E8}"
EndProject
Project("{FAE04EC0-301F-11D3-BF4B-00C04F79EFBC}") = "Tyuiu.UlukhanovDV.Sprint0.Task0.V0", "Tyuiu.UlukhanovDV.Sprint0.Task0.V0\Tyuiu.UlukhanovDV.Sprint0.Task0.V0.csproj", "{D8BA0A37-F917-42A6-80D2-ED016A7A889C}"
EndProject
Global
	GlobalSection(SolutionConfigurationPlatforms) = preSolution
		Debug|Any CPU = Debug|Any CPU
		Release|Any CPU = Release|Any CPU
	EndGlobalSection
	GlobalSection(ProjectConfigurationPlatforms) = postSolution
		{D8BA0A37-F917-42A6-80D2-ED016A7A889C}.Debug|Any CPU.ActiveCfg = Debug|Any CPU
		{D8BA0A37-F917-42A6-80D2-ED016A7A889C}.Debug|Any CPU.Build.0 = Debug|Any CPU
		{D8BA0A37-F917-42A6-80D2-ED016A7A889C}.Release|Any CPU.ActiveCfg = Release|Any CPU
		{D8BA0A37-F917-42A6-80D2-ED016A7A889C}.Release|Any CPU.Build.0 = Release|Any CPU
	EndGlobalSection
	GlobalSection(SolutionProperties) = preSolution
		HideSolutionNode = FALSE
	EndGlobalSection
	GlobalSection(NestedProjects) = preSolution
		{D8BA0A37-F917-42A6-80D2-ED016A7A889C} = {02EA681E-C7D8-13C7-8484-4AC65E1B71E8}
	EndGlobalSection
	GlobalSection(ExtensibilityGlobals) = postSolution
		SolutionGuid = {6BE87625-01CC-43D3-9210-90D4EC7E2B85}
	EndGlobalSection
EndGlobal
