
Microsoft Visual Studio Solution File, Format Version 12.00
# Visual Studio Version 17
VisualStudioVersion = 17.14.36414.22
MinimumVisualStudioVersion = 10.0.40219.1
Project("{2150E333-8FDC-42A3-9474-1A3956D46DE8}") = "Task0", "Task0", "{02EA681E-C7D8-13C7-8484-4AC65E1B71E8}"
EndProject
Project("{FAE04EC0-301F-11D3-BF4B-00C04F79EFBC}") = "Tyuiu.UlukhanovDV.Sprint0.Task0.V0", "Tyuiu.UlukhanovDV.Sprint0.Task0.V0\Tyuiu.UlukhanovDV.Sprint0.Task0.V0.csproj", "{D8BA0A37-F917-42A6-80D2-ED016A7A889C}"
EndProject
Project("{2150E333-8FDC-42A3-9474-1A3956D46DE8}") = "Task1", "Task1", "{D51C16A7-D3B3-43C8-846C-B162F9C1FA31}"
EndProject
Project("{FAE04EC0-301F-11D3-BF4B-00C04F79EFBC}") = "Tyuiu.UlukhanovDV.Sprint0.Task1.V0", "Tyuiu.UlukhanovDV.Sprint0.Task1.V0\Tyuiu.UlukhanovDV.Sprint0.Task1.V0.csproj", "{A874937F-F168-48BB-AE04-FCA73EBE5DEC}"
EndProject
Project("{2150E333-8FDC-42A3-9474-1A3956D46DE8}") = "Task2", "Task2", "{B275ACAD-6F73-40E1-9AAB-EA69700DAC9F}"
EndProject
Project("{FAE04EC0-301F-11D3-BF4B-00C04F79EFBC}") = "Tyuiu.UlukhanovDV.Sprint0.Task2.V0", "Tyuiu.UlukhanovDV.Sprint0.Task2.V0\Tyuiu.UlukhanovDV.Sprint0.Task2.V0.csproj", "{AF0337B7-D0BB-42FD-A5E6-3CF02CB8696D}"
EndProject
Project("{FAE04EC0-301F-11D3-BF4B-00C04F79EFBC}") = "Tyuiu.UlukhanovDV.Sprint0.Task2.V0.Test", "Tyuiu.UlukhanovDV.Sprint0.Task0.V0.Test\Tyuiu.UlukhanovDV.Sprint0.Task2.V0.Test.csproj", "{525F037E-B05F-41DD-BA6E-3FB046229845}"
EndProject
Project("{FAE04EC0-301F-11D3-BF4B-00C04F79EFBC}") = "Tyuiu.UlukhanovDV.Sprint0.Task2.V0.Lib", "Tyuiu.UlykhanovDV.Sprint0.Task2.V0.Lib\Tyuiu.UlukhanovDV.Sprint0.Task2.V0.Lib.csproj", "{564A0BFF-7B07-4755-BAA0-6A559B11F8B8}"
EndProject
Project("{2150E333-8FDC-42A3-9474-1A3956D46DE8}") = "Task3", "Task3", "{9637C3CF-6534-4FF0-87A8-9CDFCD6A93D3}"
EndProject
Project("{FAE04EC0-301F-11D3-BF4B-00C04F79EFBC}") = "Tyuiu.UlukhanovDV.Sprint0.Task3.V0", "Tyuiu.UlukhanovDV.Sprint0.Task3.V0\Tyuiu.UlukhanovDV.Sprint0.Task3.V0.csproj", "{85E51605-748D-4CF5-B494-010444C59415}"
EndProject
Project("{FAE04EC0-301F-11D3-BF4B-00C04F79EFBC}") = "Tyuiu.UlukhanovDV.Sprint0.Task3.V0.Lib", "Tyuiu.UlukhanovDV.Sprint0.Task3.V0.Lib\Tyuiu.UlukhanovDV.Sprint0.Task3.V0.Lib.csproj", "{FD395D14-C653-4211-8593-0FD1C7657EBC}"
EndProject
Project("{FAE04EC0-301F-11D3-BF4B-00C04F79EFBC}") = "Tyuiu.UlukhanovDV.Sprint0.Task3.V0.Test", "Tyuiu.UlukhanovDV.Sprint0.Task3.V0.Test\Tyuiu.UlukhanovDV.Sprint0.Task3.V0.Test.csproj", "{4DAE7414-3564-4DE1-8555-BAEC84BDDB9C}"
EndProject
Project("{2150E333-8FDC-42A3-9474-1A3956D46DE8}") = "Task4", "Task4", "{774F722D-287B-443B-981F-9D8473FB9A4D}"
EndProject
Project("{FAE04EC0-301F-11D3-BF4B-00C04F79EFBC}") = "Tyuiu.UlukhanovDV.Sprint0.Task4.V0", "Tyuiu.UlukhanovDV.Sprint0.Task4.V0\Tyuiu.UlukhanovDV.Sprint0.Task4.V0.csproj", "{AEB33727-66A7-4582-A838-1882F2BB574B}"
EndProject
Project("{FAE04EC0-301F-11D3-BF4B-00C04F79EFBC}") = "Tyuiu.UlukhanovDV.Sprint0.Task4.V0.Lib", "Tyuiu.UlukhanovDV.Sprint0.Task4.V0.Lib\Tyuiu.UlukhanovDV.Sprint0.Task4.V0.Lib.csproj", "{E30A660B-EB2B-490C-AB76-EA90DC25FC34}"
EndProject
Project("{FAE04EC0-301F-11D3-BF4B-00C04F79EFBC}") = "Tyuiu.UlukhanovDV.Sprint0.Task4.V0.Test", "Tyuiu.UlukhanovDV.Sprint0.Task4.V0.Test\Tyuiu.UlukhanovDV.Sprint0.Task4.V0.Test.csproj", "{A92AB997-2FE6-46B2-9097-192D4E42B2BA}"
EndProject
Project("{2150E333-8FDC-42A3-9474-1A3956D46DE8}") = "Task5", "Task5", "{9016B44E-3C35-45BB-8367-908E34ED2F8B}"
EndProject
Project("{FAE04EC0-301F-11D3-BF4B-00C04F79EFBC}") = "Tyuiu.UlukhanovDV.Sprint0.Task5.V0.Test", "Tyuiu.UlukhanovDV.Sprint0.Task5.V0.Test\Tyuiu.UlukhanovDV.Sprint0.Task5.V0.Test.csproj", "{804D972E-1611-429E-9176-37CF27BFA80F}"
EndProject
Project("{FAE04EC0-301F-11D3-BF4B-00C04F79EFBC}") = "Tyuiu.UlukhanovDV.Sprint0.Task5.V0.Lib", "Tyuiu.UlukhanovDV.Sprint0.Task5.V0.Lib\Tyuiu.UlukhanovDV.Sprint0.Task5.V0.Lib.csproj", "{24F217AC-814A-46A3-B142-52C60779F334}"
EndProject
Project("{FAE04EC0-301F-11D3-BF4B-00C04F79EFBC}") = "Tyuiu.UlukhanovDV.Sprint0.Task5.V0", "Tyuiu.UlukhanovDV.Sprint0.Task5.V0\Tyuiu.UlukhanovDV.Sprint0.Task5.V0.csproj", "{F3C26490-9A0B-4AF3-8E5F-D41BBB192ADE}"
EndProject
Project("{2150E333-8FDC-42A3-9474-1A3956D46DE8}") = "Task6", "Task6", "{E2499BE1-0403-4D53-B229-6008C3B45E7A}"
EndProject
Project("{FAE04EC0-301F-11D3-BF4B-00C04F79EFBC}") = "Tyuiu.UlukhanovDV.Sprint0.Task6.V0", "Tyuiu.UlukhanovDV.Sprint0.Task6.V0\Tyuiu.UlukhanovDV.Sprint0.Task6.V0.csproj", "{EEF6DD87-5650-490A-BA8F-9C9775AC3A77}"
EndProject
Project("{FAE04EC0-301F-11D3-BF4B-00C04F79EFBC}") = "Tyuiu.UlukhanovDV.Sprint0.Task6.V0.Lib", "Tyuiu.UlukhanovDV.Sprint0.Task6.V0.Lib\Tyuiu.UlukhanovDV.Sprint0.Task6.V0.Lib.csproj", "{43C29FCE-E5EF-4620-BF39-0177F409C473}"
EndProject
Project("{FAE04EC0-301F-11D3-BF4B-00C04F79EFBC}") = "Tyuiu.UlukhanovDV.Sprint0.Task6.V0.Test", "Tyuiu.UlukhanovDV.Sprint0.Task6.V0.Test\Tyuiu.UlukhanovDV.Sprint0.Task6.V0.Test.csproj", "{A466AFBB-DBC6-4718-A0E1-CB90F4E1CEC6}"
EndProject
Project("{2150E333-8FDC-42A3-9474-1A3956D46DE8}") = "Task7", "Task7", "{1D065DF0-FC59-4C6D-BB79-D72265E0C380}"
EndProject
Project("{FAE04EC0-301F-11D3-BF4B-00C04F79EFBC}") = "Tyuiu.UlukhanovDV.Sprint0.Task7.V0.Test", "Tyuiu.UlukhanovDV.Sprint0.Task7.V0.Test\Tyuiu.UlukhanovDV.Sprint0.Task7.V0.Test.csproj", "{6AE094E8-8EDF-4DF6-8F28-AE6154F00DC0}"
EndProject
Project("{FAE04EC0-301F-11D3-BF4B-00C04F79EFBC}") = "Tyuiu.UlukhanovDV.Sprint0.Task7.V0.Lib", "Tyuiu.UlukhanovDV.Sprint0.Task7.V0.Lib\Tyuiu.UlukhanovDV.Sprint0.Task7.V0.Lib.csproj", "{16652AAA-62E5-4531-84F8-169D10C2B140}"
EndProject
Project("{FAE04EC0-301F-11D3-BF4B-00C04F79EFBC}") = "Tyuiu.UlukhanovDV.Sprint0.Task7.V0", "Tyuiu.UlukhanovDV.Sprint0.Task7.V0\Tyuiu.UlukhanovDV.Sprint0.Task7.V0.csproj", "{C5114A57-5020-4FDA-B79E-13CA311B1567}"
EndProject
Global
	GlobalSection(SolutionConfigurationPlatforms) = preSolution
		Debug|Any CPU = Debug|Any CPU
		Release|Any CPU = Release|Any CPU
	EndGlobalSection
	GlobalSection(ProjectConfigurationPlatforms) = postSolution
		{D8BA0A37-F917-42A6-80D2-ED016A7A889C}.Debug|Any CPU.ActiveCfg = Debug|Any CPU
		{D8BA0A37-F917-42A6-80D2-ED016A7A889C}.Debug|Any CPU.Build.0 = Debug|Any CPU
		{D8BA0A37-F917-42A6-80D2-ED016A7A889C}.Release|Any CPU.ActiveCfg = Release|Any CPU
		{D8BA0A37-F917-42A6-80D2-ED016A7A889C}.Release|Any CPU.Build.0 = Release|Any CPU
		{A874937F-F168-48BB-AE04-FCA73EBE5DEC}.Debug|Any CPU.ActiveCfg = Debug|Any CPU
		{A874937F-F168-48BB-AE04-FCA73EBE5DEC}.Debug|Any CPU.Build.0 = Debug|Any CPU
		{A874937F-F168-48BB-AE04-FCA73EBE5DEC}.Release|Any CPU.ActiveCfg = Release|Any CPU
		{A874937F-F168-48BB-AE04-FCA73EBE5DEC}.Release|Any CPU.Build.0 = Release|Any CPU
		{AF0337B7-D0BB-42FD-A5E6-3CF02CB8696D}.Debug|Any CPU.ActiveCfg = Debug|Any CPU
		{AF0337B7-D0BB-42FD-A5E6-3CF02CB8696D}.Debug|Any CPU.Build.0 = Debug|Any CPU
		{AF0337B7-D0BB-42FD-A5E6-3CF02CB8696D}.Release|Any CPU.ActiveCfg = Release|Any CPU
		{AF0337B7-D0BB-42FD-A5E6-3CF02CB8696D}.Release|Any CPU.Build.0 = Release|Any CPU
		{525F037E-B05F-41DD-BA6E-3FB046229845}.Debug|Any CPU.ActiveCfg = Debug|Any CPU
		{525F037E-B05F-41DD-BA6E-3FB046229845}.Debug|Any CPU.Build.0 = Debug|Any CPU
		{525F037E-B05F-41DD-BA6E-3FB046229845}.Release|Any CPU.ActiveCfg = Release|Any CPU
		{525F037E-B05F-41DD-BA6E-3FB046229845}.Release|Any CPU.Build.0 = Release|Any CPU
		{564A0BFF-7B07-4755-BAA0-6A559B11F8B8}.Debug|Any CPU.ActiveCfg = Debug|Any CPU
		{564A0BFF-7B07-4755-BAA0-6A559B11F8B8}.Debug|Any CPU.Build.0 = Debug|Any CPU
		{564A0BFF-7B07-4755-BAA0-6A559B11F8B8}.Release|Any CPU.ActiveCfg = Release|Any CPU
		{564A0BFF-7B07-4755-BAA0-6A559B11F8B8}.Release|Any CPU.Build.0 = Release|Any CPU
		{85E51605-748D-4CF5-B494-010444C59415}.Debug|Any CPU.ActiveCfg = Debug|Any CPU
		{85E51605-748D-4CF5-B494-010444C59415}.Debug|Any CPU.Build.0 = Debug|Any CPU
		{85E51605-748D-4CF5-B494-010444C59415}.Release|Any CPU.ActiveCfg = Release|Any CPU
		{85E51605-748D-4CF5-B494-010444C59415}.Release|Any CPU.Build.0 = Release|Any CPU
		{FD395D14-C653-4211-8593-0FD1C7657EBC}.Debug|Any CPU.ActiveCfg = Debug|Any CPU
		{FD395D14-C653-4211-8593-0FD1C7657EBC}.Debug|Any CPU.Build.0 = Debug|Any CPU
		{FD395D14-C653-4211-8593-0FD1C7657EBC}.Release|Any CPU.ActiveCfg = Release|Any CPU
		{FD395D14-C653-4211-8593-0FD1C7657EBC}.Release|Any CPU.Build.0 = Release|Any CPU
		{4DAE7414-3564-4DE1-8555-BAEC84BDDB9C}.Debug|Any CPU.ActiveCfg = Debug|Any CPU
		{4DAE7414-3564-4DE1-8555-BAEC84BDDB9C}.Debug|Any CPU.Build.0 = Debug|Any CPU
		{4DAE7414-3564-4DE1-8555-BAEC84BDDB9C}.Release|Any CPU.ActiveCfg = Release|Any CPU
		{4DAE7414-3564-4DE1-8555-BAEC84BDDB9C}.Release|Any CPU.Build.0 = Release|Any CPU
		{AEB33727-66A7-4582-A838-1882F2BB574B}.Debug|Any CPU.ActiveCfg = Debug|Any CPU
		{AEB33727-66A7-4582-A838-1882F2BB574B}.Debug|Any CPU.Build.0 = Debug|Any CPU
		{AEB33727-66A7-4582-A838-1882F2BB574B}.Release|Any CPU.ActiveCfg = Release|Any CPU
		{AEB33727-66A7-4582-A838-1882F2BB574B}.Release|Any CPU.Build.0 = Release|Any CPU
		{E30A660B-EB2B-490C-AB76-EA90DC25FC34}.Debug|Any CPU.ActiveCfg = Debug|Any CPU
		{E30A660B-EB2B-490C-AB76-EA90DC25FC34}.Debug|Any CPU.Build.0 = Debug|Any CPU
		{E30A660B-EB2B-490C-AB76-EA90DC25FC34}.Release|Any CPU.ActiveCfg = Release|Any CPU
		{E30A660B-EB2B-490C-AB76-EA90DC25FC34}.Release|Any CPU.Build.0 = Release|Any CPU
		{A92AB997-2FE6-46B2-9097-192D4E42B2BA}.Debug|Any CPU.ActiveCfg = Debug|Any CPU
		{A92AB997-2FE6-46B2-9097-192D4E42B2BA}.Debug|Any CPU.Build.0 = Debug|Any CPU
		{A92AB997-2FE6-46B2-9097-192D4E42B2BA}.Release|Any CPU.ActiveCfg = Release|Any CPU
		{A92AB997-2FE6-46B2-9097-192D4E42B2BA}.Release|Any CPU.Build.0 = Release|Any CPU
		{804D972E-1611-429E-9176-37CF27BFA80F}.Debug|Any CPU.ActiveCfg = Debug|Any CPU
		{804D972E-1611-429E-9176-37CF27BFA80F}.Debug|Any CPU.Build.0 = Debug|Any CPU
		{804D972E-1611-429E-9176-37CF27BFA80F}.Release|Any CPU.ActiveCfg = Release|Any CPU
		{804D972E-1611-429E-9176-37CF27BFA80F}.Release|Any CPU.Build.0 = Release|Any CPU
		{24F217AC-814A-46A3-B142-52C60779F334}.Debug|Any CPU.ActiveCfg = Debug|Any CPU
		{24F217AC-814A-46A3-B142-52C60779F334}.Debug|Any CPU.Build.0 = Debug|Any CPU
		{24F217AC-814A-46A3-B142-52C60779F334}.Release|Any CPU.ActiveCfg = Release|Any CPU
		{24F217AC-814A-46A3-B142-52C60779F334}.Release|Any CPU.Build.0 = Release|Any CPU
		{F3C26490-9A0B-4AF3-8E5F-D41BBB192ADE}.Debug|Any CPU.ActiveCfg = Debug|Any CPU
		{F3C26490-9A0B-4AF3-8E5F-D41BBB192ADE}.Debug|Any CPU.Build.0 = Debug|Any CPU
		{F3C26490-9A0B-4AF3-8E5F-D41BBB192ADE}.Release|Any CPU.ActiveCfg = Release|Any CPU
		{F3C26490-9A0B-4AF3-8E5F-D41BBB192ADE}.Release|Any CPU.Build.0 = Release|Any CPU
		{EEF6DD87-5650-490A-BA8F-9C9775AC3A77}.Debug|Any CPU.ActiveCfg = Debug|Any CPU
		{EEF6DD87-5650-490A-BA8F-9C9775AC3A77}.Debug|Any CPU.Build.0 = Debug|Any CPU
		{EEF6DD87-5650-490A-BA8F-9C9775AC3A77}.Release|Any CPU.ActiveCfg = Release|Any CPU
		{EEF6DD87-5650-490A-BA8F-9C9775AC3A77}.Release|Any CPU.Build.0 = Release|Any CPU
		{43C29FCE-E5EF-4620-BF39-0177F409C473}.Debug|Any CPU.ActiveCfg = Debug|Any CPU
		{43C29FCE-E5EF-4620-BF39-0177F409C473}.Debug|Any CPU.Build.0 = Debug|Any CPU
		{43C29FCE-E5EF-4620-BF39-0177F409C473}.Release|Any CPU.ActiveCfg = Release|Any CPU
		{43C29FCE-E5EF-4620-BF39-0177F409C473}.Release|Any CPU.Build.0 = Release|Any CPU
		{A466AFBB-DBC6-4718-A0E1-CB90F4E1CEC6}.Debug|Any CPU.ActiveCfg = Debug|Any CPU
		{A466AFBB-DBC6-4718-A0E1-CB90F4E1CEC6}.Debug|Any CPU.Build.0 = Debug|Any CPU
		{A466AFBB-DBC6-4718-A0E1-CB90F4E1CEC6}.Release|Any CPU.ActiveCfg = Release|Any CPU
		{A466AFBB-DBC6-4718-A0E1-CB90F4E1CEC6}.Release|Any CPU.Build.0 = Release|Any CPU
		{6AE094E8-8EDF-4DF6-8F28-AE6154F00DC0}.Debug|Any CPU.ActiveCfg = Debug|Any CPU
		{6AE094E8-8EDF-4DF6-8F28-AE6154F00DC0}.Debug|Any CPU.Build.0 = Debug|Any CPU
		{6AE094E8-8EDF-4DF6-8F28-AE6154F00DC0}.Release|Any CPU.ActiveCfg = Release|Any CPU
		{6AE094E8-8EDF-4DF6-8F28-AE6154F00DC0}.Release|Any CPU.Build.0 = Release|Any CPU
		{16652AAA-62E5-4531-84F8-169D10C2B140}.Debug|Any CPU.ActiveCfg = Debug|Any CPU
		{16652AAA-62E5-4531-84F8-169D10C2B140}.Debug|Any CPU.Build.0 = Debug|Any CPU
		{16652AAA-62E5-4531-84F8-169D10C2B140}.Release|Any CPU.ActiveCfg = Release|Any CPU
		{16652AAA-62E5-4531-84F8-169D10C2B140}.Release|Any CPU.Build.0 = Release|Any CPU
		{C5114A57-5020-4FDA-B79E-13CA311B1567}.Debug|Any CPU.ActiveCfg = Debug|Any CPU
		{C5114A57-5020-4FDA-B79E-13CA311B1567}.Debug|Any CPU.Build.0 = Debug|Any CPU
		{C5114A57-5020-4FDA-B79E-13CA311B1567}.Release|Any CPU.ActiveCfg = Release|Any CPU
		{C5114A57-5020-4FDA-B79E-13CA311B1567}.Release|Any CPU.Build.0 = Release|Any CPU
	EndGlobalSection
	GlobalSection(SolutionProperties) = preSolution
		HideSolutionNode = FALSE
	EndGlobalSection
	GlobalSection(NestedProjects) = preSolution
		{D8BA0A37-F917-42A6-80D2-ED016A7A889C} = {02EA681E-C7D8-13C7-8484-4AC65E1B71E8}
		{A874937F-F168-48BB-AE04-FCA73EBE5DEC} = {D51C16A7-D3B3-43C8-846C-B162F9C1FA31}
		{AF0337B7-D0BB-42FD-A5E6-3CF02CB8696D} = {B275ACAD-6F73-40E1-9AAB-EA69700DAC9F}
		{525F037E-B05F-41DD-BA6E-3FB046229845} = {B275ACAD-6F73-40E1-9AAB-EA69700DAC9F}
		{564A0BFF-7B07-4755-BAA0-6A559B11F8B8} = {B275ACAD-6F73-40E1-9AAB-EA69700DAC9F}
		{85E51605-748D-4CF5-B494-010444C59415} = {9637C3CF-6534-4FF0-87A8-9CDFCD6A93D3}
		{FD395D14-C653-4211-8593-0FD1C7657EBC} = {9637C3CF-6534-4FF0-87A8-9CDFCD6A93D3}
		{4DAE7414-3564-4DE1-8555-BAEC84BDDB9C} = {9637C3CF-6534-4FF0-87A8-9CDFCD6A93D3}
		{AEB33727-66A7-4582-A838-1882F2BB574B} = {774F722D-287B-443B-981F-9D8473FB9A4D}
		{E30A660B-EB2B-490C-AB76-EA90DC25FC34} = {774F722D-287B-443B-981F-9D8473FB9A4D}
		{A92AB997-2FE6-46B2-9097-192D4E42B2BA} = {774F722D-287B-443B-981F-9D8473FB9A4D}
		{804D972E-1611-429E-9176-37CF27BFA80F} = {9016B44E-3C35-45BB-8367-908E34ED2F8B}
		{24F217AC-814A-46A3-B142-52C60779F334} = {9016B44E-3C35-45BB-8367-908E34ED2F8B}
		{F3C26490-9A0B-4AF3-8E5F-D41BBB192ADE} = {9016B44E-3C35-45BB-8367-908E34ED2F8B}
		{EEF6DD87-5650-490A-BA8F-9C9775AC3A77} = {E2499BE1-0403-4D53-B229-6008C3B45E7A}
		{43C29FCE-E5EF-4620-BF39-0177F409C473} = {E2499BE1-0403-4D53-B229-6008C3B45E7A}
		{A466AFBB-DBC6-4718-A0E1-CB90F4E1CEC6} = {E2499BE1-0403-4D53-B229-6008C3B45E7A}
		{6AE094E8-8EDF-4DF6-8F28-AE6154F00DC0} = {1D065DF0-FC59-4C6D-BB79-D72265E0C380}
		{16652AAA-62E5-4531-84F8-169D10C2B140} = {1D065DF0-FC59-4C6D-BB79-D72265E0C380}
		{C5114A57-5020-4FDA-B79E-13CA311B1567} = {1D065DF0-FC59-4C6D-BB79-D72265E0C380}
	EndGlobalSection
	GlobalSection(ExtensibilityGlobals) = postSolution
		SolutionGuid = {6BE87625-01CC-43D3-9210-90D4EC7E2B85}
	EndGlobalSection
EndGlobal
